
Microsoft Visual Studio Solution File, Format Version 12.00
# Visual Studio Version 17
VisualStudioVersion = 17.12.35527.113
MinimumVisualStudioVersion = 10.0.40219.1
Project("{2150E333-8FDC-42A3-9474-1A3956D46DE8}") = "src", "src", "{9D29D9A3-3CCC-41D7-B1C5-BE651C20377A}"
EndProject
Project("{2150E333-8FDC-42A3-9474-1A3956D46DE8}") = "tests", "tests", "{FE42940D-6C23-49DC-8F20-0D071671D7E7}"
EndProject
Project("{FAE04EC0-301F-11D3-BF4B-00C04F79EFBC}") = "Project.Management.Infrastructure", "src\Project.Management.Infrastructure\Project.Management.Infrastructure.csproj", "{EEC4245C-A88C-45AB-A5C3-B55CD94EB4F8}"
EndProject
Project("{FAE04EC0-301F-11D3-BF4B-00C04F79EFBC}") = "Project.Management.Domain", "src\Project.Management.Domain\Project.Management.Domain.csproj", "{ADC118C7-2D9B-41B8-B4F0-D4C72CFD4F9F}"
EndProject
Project("{FAE04EC0-301F-11D3-BF4B-00C04F79EFBC}") = "Project.Management.Api", "src\Project.Management.Api\Project.Management.Api.csproj", "{8C97B5E3-8EE2-41E7-9740-4711DF38A211}"
EndProject
Project("{FAE04EC0-301F-11D3-BF4B-00C04F79EFBC}") = "Project.Management.Hangfire", "src\Project.Management.Hangfire\Project.Management.Hangfire.csproj", "{37C4F617-5664-4DD8-9F50-849DA991CDEE}"
EndProject
Project("{2150E333-8FDC-42A3-9474-1A3956D46DE8}") = "scripts", "scripts", "{6420C490-294B-442C-8725-14C9357D431B}"
	ProjectSection(SolutionItems) = preProject
		scripts\init.sql = scripts\init.sql
	EndProjectSection
EndProject
Project("{FAE04EC0-301F-11D3-BF4B-00C04F79EFBC}") = "Project.Management.Tests.Unit", "tests\Project.Management.Tests.Unit\Project.Management.Tests.Unit.csproj", "{99949152-1082-4355-A518-B0EE9C76A5BD}"
EndProject
Project("{FAE04EC0-301F-11D3-BF4B-00C04F79EFBC}") = "Project.Management.Aspire.AppHost", "Project.Management.Aspire\Project.Management.Aspire.AppHost\Project.Management.Aspire.AppHost.csproj", "{F051A126-D725-4C60-8D1D-32F9259DEAF4}"
EndProject
Project("{FAE04EC0-301F-11D3-BF4B-00C04F79EFBC}") = "Project.Management.Aspire.ServiceDefaults", "Project.Management.Aspire\Project.Management.Aspire.ServiceDefaults\Project.Management.Aspire.ServiceDefaults.csproj", "{505D2462-C759-4D21-8B78-5893AEFEF2D7}"
EndProject
Project("{FAE04EC0-301F-11D3-BF4B-00C04F79EFBC}") = "Project.Management.Tests.Integration", "tests\Project.Management.Tests.Integration\Project.Management.Tests.Integration.csproj", "{4E8C8CAA-DE15-4C3C-86FD-3AC6669E5A70}"
EndProject
Global
	GlobalSection(SolutionConfigurationPlatforms) = preSolution
		Debug|Any CPU = Debug|Any CPU
		Release|Any CPU = Release|Any CPU
	EndGlobalSection
	GlobalSection(ProjectConfigurationPlatforms) = postSolution
		{EEC4245C-A88C-45AB-A5C3-B55CD94EB4F8}.Debug|Any CPU.ActiveCfg = Debug|Any CPU
		{EEC4245C-A88C-45AB-A5C3-B55CD94EB4F8}.Debug|Any CPU.Build.0 = Debug|Any CPU
		{EEC4245C-A88C-45AB-A5C3-B55CD94EB4F8}.Release|Any CPU.ActiveCfg = Release|Any CPU
		{EEC4245C-A88C-45AB-A5C3-B55CD94EB4F8}.Release|Any CPU.Build.0 = Release|Any CPU
		{ADC118C7-2D9B-41B8-B4F0-D4C72CFD4F9F}.Debug|Any CPU.ActiveCfg = Debug|Any CPU
		{ADC118C7-2D9B-41B8-B4F0-D4C72CFD4F9F}.Debug|Any CPU.Build.0 = Debug|Any CPU
		{ADC118C7-2D9B-41B8-B4F0-D4C72CFD4F9F}.Release|Any CPU.ActiveCfg = Release|Any CPU
		{ADC118C7-2D9B-41B8-B4F0-D4C72CFD4F9F}.Release|Any CPU.Build.0 = Release|Any CPU
		{8C97B5E3-8EE2-41E7-9740-4711DF38A211}.Debug|Any CPU.ActiveCfg = Debug|Any CPU
		{8C97B5E3-8EE2-41E7-9740-4711DF38A211}.Debug|Any CPU.Build.0 = Debug|Any CPU
		{8C97B5E3-8EE2-41E7-9740-4711DF38A211}.Release|Any CPU.ActiveCfg = Release|Any CPU
		{8C97B5E3-8EE2-41E7-9740-4711DF38A211}.Release|Any CPU.Build.0 = Release|Any CPU
		{37C4F617-5664-4DD8-9F50-849DA991CDEE}.Debug|Any CPU.ActiveCfg = Debug|Any CPU
		{37C4F617-5664-4DD8-9F50-849DA991CDEE}.Debug|Any CPU.Build.0 = Debug|Any CPU
		{37C4F617-5664-4DD8-9F50-849DA991CDEE}.Release|Any CPU.ActiveCfg = Release|Any CPU
		{37C4F617-5664-4DD8-9F50-849DA991CDEE}.Release|Any CPU.Build.0 = Release|Any CPU
		{99949152-1082-4355-A518-B0EE9C76A5BD}.Debug|Any CPU.ActiveCfg = Debug|Any CPU
		{99949152-1082-4355-A518-B0EE9C76A5BD}.Debug|Any CPU.Build.0 = Debug|Any CPU
		{99949152-1082-4355-A518-B0EE9C76A5BD}.Release|Any CPU.ActiveCfg = Release|Any CPU
		{99949152-1082-4355-A518-B0EE9C76A5BD}.Release|Any CPU.Build.0 = Release|Any CPU
		{F051A126-D725-4C60-8D1D-32F9259DEAF4}.Debug|Any CPU.ActiveCfg = Debug|Any CPU
		{F051A126-D725-4C60-8D1D-32F9259DEAF4}.Debug|Any CPU.Build.0 = Debug|Any CPU
		{F051A126-D725-4C60-8D1D-32F9259DEAF4}.Release|Any CPU.ActiveCfg = Release|Any CPU
		{F051A126-D725-4C60-8D1D-32F9259DEAF4}.Release|Any CPU.Build.0 = Release|Any CPU
		{505D2462-C759-4D21-8B78-5893AEFEF2D7}.Debug|Any CPU.ActiveCfg = Debug|Any CPU
		{505D2462-C759-4D21-8B78-5893AEFEF2D7}.Debug|Any CPU.Build.0 = Debug|Any CPU
		{505D2462-C759-4D21-8B78-5893AEFEF2D7}.Release|Any CPU.ActiveCfg = Release|Any CPU
		{505D2462-C759-4D21-8B78-5893AEFEF2D7}.Release|Any CPU.Build.0 = Release|Any CPU
		{4E8C8CAA-DE15-4C3C-86FD-3AC6669E5A70}.Debug|Any CPU.ActiveCfg = Debug|Any CPU
		{4E8C8CAA-DE15-4C3C-86FD-3AC6669E5A70}.Debug|Any CPU.Build.0 = Debug|Any CPU
		{4E8C8CAA-DE15-4C3C-86FD-3AC6669E5A70}.Release|Any CPU.ActiveCfg = Release|Any CPU
		{4E8C8CAA-DE15-4C3C-86FD-3AC6669E5A70}.Release|Any CPU.Build.0 = Release|Any CPU
	EndGlobalSection
	GlobalSection(SolutionProperties) = preSolution
		HideSolutionNode = FALSE
	EndGlobalSection
	GlobalSection(NestedProjects) = preSolution
		{EEC4245C-A88C-45AB-A5C3-B55CD94EB4F8} = {9D29D9A3-3CCC-41D7-B1C5-BE651C20377A}
		{ADC118C7-2D9B-41B8-B4F0-D4C72CFD4F9F} = {9D29D9A3-3CCC-41D7-B1C5-BE651C20377A}
		{8C97B5E3-8EE2-41E7-9740-4711DF38A211} = {9D29D9A3-3CCC-41D7-B1C5-BE651C20377A}
		{37C4F617-5664-4DD8-9F50-849DA991CDEE} = {9D29D9A3-3CCC-41D7-B1C5-BE651C20377A}
		{99949152-1082-4355-A518-B0EE9C76A5BD} = {FE42940D-6C23-49DC-8F20-0D071671D7E7}
		{F051A126-D725-4C60-8D1D-32F9259DEAF4} = {9D29D9A3-3CCC-41D7-B1C5-BE651C20377A}
		{505D2462-C759-4D21-8B78-5893AEFEF2D7} = {9D29D9A3-3CCC-41D7-B1C5-BE651C20377A}
		{4E8C8CAA-DE15-4C3C-86FD-3AC6669E5A70} = {FE42940D-6C23-49DC-8F20-0D071671D7E7}
	EndGlobalSection
EndGlobal
